
Microsoft Visual Studio Solution File, Format Version 12.00
# Visual Studio Version 17
VisualStudioVersion = 17.8.34330.188
MinimumVisualStudioVersion = 10.0.40219.1
Project("{9A19103F-16F7-4668-BE54-9A1E7A4F7556}") = "MySanpeteMobile", "MySanpeteMobile\MySanpeteMobile.csproj", "{8E0405EC-A91E-4939-8F32-40D3C6A1F722}"
EndProject
Project("{9A19103F-16F7-4668-BE54-9A1E7A4F7556}") = "MySanpeteWeb", "MySanpeteWeb\MySanpeteWeb.csproj", "{453AD530-8223-4875-898A-395D94E0C4BA}"
EndProject
Project("{9A19103F-16F7-4668-BE54-9A1E7A4F7556}") = "RazorClassLibrary", "RazorClassLibrary\RazorClassLibrary.csproj", "{52F163B8-01DF-4E78-9FC6-7955C2EDDB90}"
EndProject
Project("{9A19103F-16F7-4668-BE54-9A1E7A4F7556}") = "MySanpeteTests", "MySanpeteTests\MySanpeteTests.csproj", "{ACB207EF-BA53-4490-BDC2-C3CA7C9BC942}"
EndProject
Project("{FAE04EC0-301F-11D3-BF4B-00C04F79EFBC}") = "MySanpeteMobileTests", "MySanpeteMobileTests\MySanpeteMobileTests.csproj", "{49F57651-AE57-4140-B9F9-052E40B9BA43}"
EndProject
Global
	GlobalSection(SolutionConfigurationPlatforms) = preSolution
		Debug|Any CPU = Debug|Any CPU
		Release|Any CPU = Release|Any CPU
	EndGlobalSection
	GlobalSection(ProjectConfigurationPlatforms) = postSolution
		{8E0405EC-A91E-4939-8F32-40D3C6A1F722}.Debug|Any CPU.ActiveCfg = Debug|Any CPU
		{8E0405EC-A91E-4939-8F32-40D3C6A1F722}.Debug|Any CPU.Build.0 = Debug|Any CPU
		{8E0405EC-A91E-4939-8F32-40D3C6A1F722}.Debug|Any CPU.Deploy.0 = Debug|Any CPU
		{8E0405EC-A91E-4939-8F32-40D3C6A1F722}.Release|Any CPU.ActiveCfg = Release|Any CPU
		{8E0405EC-A91E-4939-8F32-40D3C6A1F722}.Release|Any CPU.Build.0 = Release|Any CPU
		{8E0405EC-A91E-4939-8F32-40D3C6A1F722}.Release|Any CPU.Deploy.0 = Release|Any CPU
		{453AD530-8223-4875-898A-395D94E0C4BA}.Debug|Any CPU.ActiveCfg = Debug|Any CPU
		{453AD530-8223-4875-898A-395D94E0C4BA}.Debug|Any CPU.Build.0 = Debug|Any CPU
		{453AD530-8223-4875-898A-395D94E0C4BA}.Release|Any CPU.ActiveCfg = Release|Any CPU
		{453AD530-8223-4875-898A-395D94E0C4BA}.Release|Any CPU.Build.0 = Release|Any CPU
		{52F163B8-01DF-4E78-9FC6-7955C2EDDB90}.Debug|Any CPU.ActiveCfg = Debug|Any CPU
		{52F163B8-01DF-4E78-9FC6-7955C2EDDB90}.Debug|Any CPU.Build.0 = Debug|Any CPU
		{52F163B8-01DF-4E78-9FC6-7955C2EDDB90}.Release|Any CPU.ActiveCfg = Release|Any CPU
		{52F163B8-01DF-4E78-9FC6-7955C2EDDB90}.Release|Any CPU.Build.0 = Release|Any CPU
		{ACB207EF-BA53-4490-BDC2-C3CA7C9BC942}.Debug|Any CPU.ActiveCfg = Debug|Any CPU
		{ACB207EF-BA53-4490-BDC2-C3CA7C9BC942}.Debug|Any CPU.Build.0 = Debug|Any CPU
		{ACB207EF-BA53-4490-BDC2-C3CA7C9BC942}.Release|Any CPU.ActiveCfg = Release|Any CPU
		{ACB207EF-BA53-4490-BDC2-C3CA7C9BC942}.Release|Any CPU.Build.0 = Release|Any CPU
		{49F57651-AE57-4140-B9F9-052E40B9BA43}.Debug|Any CPU.ActiveCfg = Debug|Any CPU
		{49F57651-AE57-4140-B9F9-052E40B9BA43}.Debug|Any CPU.Build.0 = Debug|Any CPU
		{49F57651-AE57-4140-B9F9-052E40B9BA43}.Release|Any CPU.ActiveCfg = Release|Any CPU
		{49F57651-AE57-4140-B9F9-052E40B9BA43}.Release|Any CPU.Build.0 = Release|Any CPU
	EndGlobalSection
	GlobalSection(SolutionProperties) = preSolution
		HideSolutionNode = FALSE
	EndGlobalSection
	GlobalSection(ExtensibilityGlobals) = postSolution
		SolutionGuid = {36DD2FDB-BB9B-462F-A47A-608C439F0905}
	EndGlobalSection
EndGlobal
